
Microsoft Visual Studio Solution File, Format Version 12.00
# Visual Studio 2013
VisualStudioVersion = 12.0.30110.0
MinimumVisualStudioVersion = 10.0.40219.1
Project("{8BC9CEB8-8B4A-11D0-8D11-00A0C91BC942}") = "ProjectBrutus", "ProjectBrutus\ProjectBrutus.vcxproj", "{5282D818-B63C-4D3C-923D-DDC546883F0E}"
EndProject
Project("{8BC9CEB8-8B4A-11D0-8D11-00A0C91BC942}") = "FeatureWeightFitter", "FeatureWeightFitter\FeatureWeightFitter.vcxproj", "{321B278C-9B4B-4210-A5C7-81C20863F6C2}"
EndProject
Project("{8BC9CEB8-8B4A-11D0-8D11-00A0C91BC942}") = "Solver", "Solver\Solver.vcxproj", "{74613E5C-3C3D-49B6-AACE-ACBA2822B3C4}"
EndProject
Project("{8BC9CEB8-8B4A-11D0-8D11-00A0C91BC942}") = "PositionManager", "PositionManager\PositionManager.vcxproj", "{78D1EAC3-7191-4C69-9A8C-862BA2429496}"
EndProject
Project("{8BC9CEB8-8B4A-11D0-8D11-00A0C91BC942}") = "MetaFlips", "MetaFlips\MetaFlips.vcxproj", "{96EEA7C3-4078-4AA5-90D4-FB46EBB48E52}"
EndProject
Project("{8BC9CEB8-8B4A-11D0-8D11-00A0C91BC942}") = "ProbCutStats", "ProbCutStats\ProbCutStats.vcxproj", "{15D95746-8E4A-4C6D-8D03-67919A152DB8}"
EndProject
Project("{8BC9CEB8-8B4A-11D0-8D11-00A0C91BC942}") = "FileConverter", "FileConverter\FileConverter.vcxproj", "{BCC2024E-3D9D-4EE4-A2B8-CBCBA53AB9A9}"
EndProject
Project("{8BC9CEB8-8B4A-11D0-8D11-00A0C91BC942}") = "PatternStatistics", "PatternStatistics\PatternStatistics.vcxproj", "{7C2BB978-4785-4F97-9056-6611D68C5318}"
EndProject
Global
	GlobalSection(SolutionConfigurationPlatforms) = preSolution
		Debug|Win32 = Debug|Win32
		Debug|x64 = Debug|x64
		Release|Win32 = Release|Win32
		Release|x64 = Release|x64
	EndGlobalSection
	GlobalSection(ProjectConfigurationPlatforms) = postSolution
		{5282D818-B63C-4D3C-923D-DDC546883F0E}.Debug|Win32.ActiveCfg = Debug|Win32
		{5282D818-B63C-4D3C-923D-DDC546883F0E}.Debug|Win32.Build.0 = Debug|Win32
		{5282D818-B63C-4D3C-923D-DDC546883F0E}.Debug|x64.ActiveCfg = Debug|x64
		{5282D818-B63C-4D3C-923D-DDC546883F0E}.Debug|x64.Build.0 = Debug|x64
		{5282D818-B63C-4D3C-923D-DDC546883F0E}.Release|Win32.ActiveCfg = Release|Win32
		{5282D818-B63C-4D3C-923D-DDC546883F0E}.Release|Win32.Build.0 = Release|Win32
		{5282D818-B63C-4D3C-923D-DDC546883F0E}.Release|x64.ActiveCfg = Release|x64
		{5282D818-B63C-4D3C-923D-DDC546883F0E}.Release|x64.Build.0 = Release|x64
		{321B278C-9B4B-4210-A5C7-81C20863F6C2}.Debug|Win32.ActiveCfg = Debug|Win32
		{321B278C-9B4B-4210-A5C7-81C20863F6C2}.Debug|Win32.Build.0 = Debug|Win32
		{321B278C-9B4B-4210-A5C7-81C20863F6C2}.Debug|x64.ActiveCfg = Debug|x64
		{321B278C-9B4B-4210-A5C7-81C20863F6C2}.Debug|x64.Build.0 = Debug|x64
		{321B278C-9B4B-4210-A5C7-81C20863F6C2}.Release|Win32.ActiveCfg = Release|Win32
		{321B278C-9B4B-4210-A5C7-81C20863F6C2}.Release|Win32.Build.0 = Release|Win32
		{321B278C-9B4B-4210-A5C7-81C20863F6C2}.Release|x64.ActiveCfg = Release|x64
		{321B278C-9B4B-4210-A5C7-81C20863F6C2}.Release|x64.Build.0 = Release|x64
		{74613E5C-3C3D-49B6-AACE-ACBA2822B3C4}.Debug|Win32.ActiveCfg = Debug|Win32
		{74613E5C-3C3D-49B6-AACE-ACBA2822B3C4}.Debug|Win32.Build.0 = Debug|Win32
		{74613E5C-3C3D-49B6-AACE-ACBA2822B3C4}.Debug|x64.ActiveCfg = Debug|x64
		{74613E5C-3C3D-49B6-AACE-ACBA2822B3C4}.Debug|x64.Build.0 = Debug|x64
		{74613E5C-3C3D-49B6-AACE-ACBA2822B3C4}.Release|Win32.ActiveCfg = Release|Win32
		{74613E5C-3C3D-49B6-AACE-ACBA2822B3C4}.Release|Win32.Build.0 = Release|Win32
		{74613E5C-3C3D-49B6-AACE-ACBA2822B3C4}.Release|x64.ActiveCfg = Release|x64
		{74613E5C-3C3D-49B6-AACE-ACBA2822B3C4}.Release|x64.Build.0 = Release|x64
		{78D1EAC3-7191-4C69-9A8C-862BA2429496}.Debug|Win32.ActiveCfg = Debug|Win32
		{78D1EAC3-7191-4C69-9A8C-862BA2429496}.Debug|Win32.Build.0 = Debug|Win32
		{78D1EAC3-7191-4C69-9A8C-862BA2429496}.Debug|x64.ActiveCfg = Debug|x64
		{78D1EAC3-7191-4C69-9A8C-862BA2429496}.Debug|x64.Build.0 = Debug|x64
		{78D1EAC3-7191-4C69-9A8C-862BA2429496}.Release|Win32.ActiveCfg = Release|Win32
		{78D1EAC3-7191-4C69-9A8C-862BA2429496}.Release|Win32.Build.0 = Release|Win32
		{78D1EAC3-7191-4C69-9A8C-862BA2429496}.Release|x64.ActiveCfg = Release|x64
		{78D1EAC3-7191-4C69-9A8C-862BA2429496}.Release|x64.Build.0 = Release|x64
		{96EEA7C3-4078-4AA5-90D4-FB46EBB48E52}.Debug|Win32.ActiveCfg = Debug|Win32
		{96EEA7C3-4078-4AA5-90D4-FB46EBB48E52}.Debug|Win32.Build.0 = Debug|Win32
		{96EEA7C3-4078-4AA5-90D4-FB46EBB48E52}.Debug|x64.ActiveCfg = Debug|x64
		{96EEA7C3-4078-4AA5-90D4-FB46EBB48E52}.Debug|x64.Build.0 = Debug|x64
		{96EEA7C3-4078-4AA5-90D4-FB46EBB48E52}.Release|Win32.ActiveCfg = Release|Win32
		{96EEA7C3-4078-4AA5-90D4-FB46EBB48E52}.Release|Win32.Build.0 = Release|Win32
		{96EEA7C3-4078-4AA5-90D4-FB46EBB48E52}.Release|x64.ActiveCfg = Release|x64
		{96EEA7C3-4078-4AA5-90D4-FB46EBB48E52}.Release|x64.Build.0 = Release|x64
		{15D95746-8E4A-4C6D-8D03-67919A152DB8}.Debug|Win32.ActiveCfg = Debug|Win32
		{15D95746-8E4A-4C6D-8D03-67919A152DB8}.Debug|Win32.Build.0 = Debug|Win32
		{15D95746-8E4A-4C6D-8D03-67919A152DB8}.Debug|x64.ActiveCfg = Debug|x64
		{15D95746-8E4A-4C6D-8D03-67919A152DB8}.Debug|x64.Build.0 = Debug|x64
		{15D95746-8E4A-4C6D-8D03-67919A152DB8}.Release|Win32.ActiveCfg = Release|Win32
		{15D95746-8E4A-4C6D-8D03-67919A152DB8}.Release|Win32.Build.0 = Release|Win32
		{15D95746-8E4A-4C6D-8D03-67919A152DB8}.Release|x64.ActiveCfg = Release|x64
		{15D95746-8E4A-4C6D-8D03-67919A152DB8}.Release|x64.Build.0 = Release|x64
		{BCC2024E-3D9D-4EE4-A2B8-CBCBA53AB9A9}.Debug|Win32.ActiveCfg = Debug|Win32
		{BCC2024E-3D9D-4EE4-A2B8-CBCBA53AB9A9}.Debug|Win32.Build.0 = Debug|Win32
		{BCC2024E-3D9D-4EE4-A2B8-CBCBA53AB9A9}.Debug|x64.ActiveCfg = Debug|x64
		{BCC2024E-3D9D-4EE4-A2B8-CBCBA53AB9A9}.Debug|x64.Build.0 = Debug|x64
		{BCC2024E-3D9D-4EE4-A2B8-CBCBA53AB9A9}.Release|Win32.ActiveCfg = Release|Win32
		{BCC2024E-3D9D-4EE4-A2B8-CBCBA53AB9A9}.Release|Win32.Build.0 = Release|Win32
		{BCC2024E-3D9D-4EE4-A2B8-CBCBA53AB9A9}.Release|x64.ActiveCfg = Release|x64
		{BCC2024E-3D9D-4EE4-A2B8-CBCBA53AB9A9}.Release|x64.Build.0 = Release|x64
		{7C2BB978-4785-4F97-9056-6611D68C5318}.Debug|Win32.ActiveCfg = Debug|Win32
		{7C2BB978-4785-4F97-9056-6611D68C5318}.Debug|Win32.Build.0 = Debug|Win32
		{7C2BB978-4785-4F97-9056-6611D68C5318}.Debug|x64.ActiveCfg = Debug|x64
		{7C2BB978-4785-4F97-9056-6611D68C5318}.Debug|x64.Build.0 = Debug|x64
		{7C2BB978-4785-4F97-9056-6611D68C5318}.Release|Win32.ActiveCfg = Release|Win32
		{7C2BB978-4785-4F97-9056-6611D68C5318}.Release|Win32.Build.0 = Release|Win32
		{7C2BB978-4785-4F97-9056-6611D68C5318}.Release|x64.ActiveCfg = Release|x64
		{7C2BB978-4785-4F97-9056-6611D68C5318}.Release|x64.Build.0 = Release|x64
	EndGlobalSection
	GlobalSection(SolutionProperties) = preSolution
		HideSolutionNode = FALSE
	EndGlobalSection
EndGlobal
